
Microsoft Visual Studio Solution File, Format Version 12.00
# Visual Studio 15
VisualStudioVersion = 15.0.28010.2041
MinimumVisualStudioVersion = 10.0.40219.1
Project("{FAE04EC0-301F-11D3-BF4B-00C04F79EFBC}") = "U181008", "U181008\U181008.csproj", "{C65E1762-CDFB-4F4A-94C5-4BFB83EFCC3A}"
EndProject
Project("{2150E333-8FDC-42A3-9474-1A3956D46DE8}") = "Solution Items", "Solution Items", "{BBC25144-8CBA-43DE-9EBE-F19B5B0F08EC}"
	ProjectSection(SolutionItems) = preProject
		README.md = README.md
	EndProjectSection
EndProject
Global
	GlobalSection(SolutionConfigurationPlatforms) = preSolution
		Debug|Any CPU = Debug|Any CPU
		Release|Any CPU = Release|Any CPU
	EndGlobalSection
	GlobalSection(ProjectConfigurationPlatforms) = postSolution
		{C65E1762-CDFB-4F4A-94C5-4BFB83EFCC3A}.Debug|Any CPU.ActiveCfg = Debug|Any CPU
		{C65E1762-CDFB-4F4A-94C5-4BFB83EFCC3A}.Debug|Any CPU.Build.0 = Debug|Any CPU
		{C65E1762-CDFB-4F4A-94C5-4BFB83EFCC3A}.Release|Any CPU.ActiveCfg = Release|Any CPU
		{C65E1762-CDFB-4F4A-94C5-4BFB83EFCC3A}.Release|Any CPU.Build.0 = Release|Any CPU
	EndGlobalSection
	GlobalSection(SolutionProperties) = preSolution
		HideSolutionNode = FALSE
	EndGlobalSection
	GlobalSection(ExtensibilityGlobals) = postSolution
		SolutionGuid = {9EAD5E75-3977-4BF3-A074-393AB9EFE2A8}
	EndGlobalSection
EndGlobal
